
Microsoft Visual Studio Solution File, Format Version 12.00
# Visual Studio Version 17
VisualStudioVersion = 17.0.32014.148
MinimumVisualStudioVersion = 10.0.40219.1
Project("{FAE04EC0-301F-11D3-BF4B-00C04F79EFBC}") = "CRUDEstatusAlumnos", "CRUDEstatusAlumnos\CRUDEstatusAlumnos.csproj", "{D8390B83-6504-4C6E-8ED4-92F5FCA98D1F}"
EndProject
Global
	GlobalSection(SolutionConfigurationPlatforms) = preSolution
		Debug|Any CPU = Debug|Any CPU
		Release|Any CPU = Release|Any CPU
	EndGlobalSection
	GlobalSection(ProjectConfigurationPlatforms) = postSolution
		{D8390B83-6504-4C6E-8ED4-92F5FCA98D1F}.Debug|Any CPU.ActiveCfg = Debug|Any CPU
		{D8390B83-6504-4C6E-8ED4-92F5FCA98D1F}.Debug|Any CPU.Build.0 = Debug|Any CPU
		{D8390B83-6504-4C6E-8ED4-92F5FCA98D1F}.Release|Any CPU.ActiveCfg = Release|Any CPU
		{D8390B83-6504-4C6E-8ED4-92F5FCA98D1F}.Release|Any CPU.Build.0 = Release|Any CPU
	EndGlobalSection
	GlobalSection(SolutionProperties) = preSolution
		HideSolutionNode = FALSE
	EndGlobalSection
	GlobalSection(ExtensibilityGlobals) = postSolution
		SolutionGuid = {0DB2034E-4DE4-4B9E-88A4-1A308CD63158}
	EndGlobalSection
EndGlobal
