
Microsoft Visual Studio Solution File, Format Version 12.00
# Visual Studio Version 17
VisualStudioVersion = 17.0.32014.148
MinimumVisualStudioVersion = 10.0.40219.1
Project("{FAE04EC0-301F-11D3-BF4B-00C04F79EFBC}") = "HolaWebForms", "HolaWebForms\HolaWebForms.csproj", "{1E88C66A-F182-4668-80B3-3462E6D62623}"
EndProject
Global
	GlobalSection(SolutionConfigurationPlatforms) = preSolution
		Debug|Any CPU = Debug|Any CPU
		Release|Any CPU = Release|Any CPU
	EndGlobalSection
	GlobalSection(ProjectConfigurationPlatforms) = postSolution
		{1E88C66A-F182-4668-80B3-3462E6D62623}.Debug|Any CPU.ActiveCfg = Debug|Any CPU
		{1E88C66A-F182-4668-80B3-3462E6D62623}.Debug|Any CPU.Build.0 = Debug|Any CPU
		{1E88C66A-F182-4668-80B3-3462E6D62623}.Release|Any CPU.ActiveCfg = Release|Any CPU
		{1E88C66A-F182-4668-80B3-3462E6D62623}.Release|Any CPU.Build.0 = Release|Any CPU
	EndGlobalSection
	GlobalSection(SolutionProperties) = preSolution
		HideSolutionNode = FALSE
	EndGlobalSection
	GlobalSection(ExtensibilityGlobals) = postSolution
		SolutionGuid = {00885635-3CF1-4984-931F-F1D905DCB938}
	EndGlobalSection
EndGlobal
